
Microsoft Visual Studio Solution File, Format Version 12.00
# Visual Studio Version 16
VisualStudioVersion = 16.0.31019.35
MinimumVisualStudioVersion = 10.0.40219.1
Project("{FAE04EC0-301F-11D3-BF4B-00C04F79EFBC}") = "ContosoUniversity", "ContosoUniversity.csproj", "{429F4AB9-0F52-4F00-86B4-8101B44708F2}"
EndProject
Global
	GlobalSection(SolutionConfigurationPlatforms) = preSolution
		Debug|Any CPU = Debug|Any CPU
		Release|Any CPU = Release|Any CPU
	EndGlobalSection
	GlobalSection(ProjectConfigurationPlatforms) = postSolution
		{429F4AB9-0F52-4F00-86B4-8101B44708F2}.Debug|Any CPU.ActiveCfg = Debug|Any CPU
		{429F4AB9-0F52-4F00-86B4-8101B44708F2}.Debug|Any CPU.Build.0 = Debug|Any CPU
		{429F4AB9-0F52-4F00-86B4-8101B44708F2}.Release|Any CPU.ActiveCfg = Release|Any CPU
		{429F4AB9-0F52-4F00-86B4-8101B44708F2}.Release|Any CPU.Build.0 = Release|Any CPU
	EndGlobalSection
	GlobalSection(SolutionProperties) = preSolution
		HideSolutionNode = FALSE
	EndGlobalSection
	GlobalSection(ExtensibilityGlobals) = postSolution
		SolutionGuid = {92E966A3-41E3-441F-BD5A-3F0F70443A34}
	EndGlobalSection
EndGlobal
